
Microsoft Visual Studio Solution File, Format Version 12.00
# Visual Studio Version 17
VisualStudioVersion = 17.4.33205.214
MinimumVisualStudioVersion = 10.0.40219.1
Project("{FAE04EC0-301F-11D3-BF4B-00C04F79EFBC}") = "EJEMPLO1", "EJEMPLO1\EJEMPLO1.csproj", "{17B723C9-75C7-4A08-922E-18A6D439F000}"
EndProject
Global
	GlobalSection(SolutionConfigurationPlatforms) = preSolution
		Debug|Any CPU = Debug|Any CPU
		Release|Any CPU = Release|Any CPU
	EndGlobalSection
	GlobalSection(ProjectConfigurationPlatforms) = postSolution
		{17B723C9-75C7-4A08-922E-18A6D439F000}.Debug|Any CPU.ActiveCfg = Debug|Any CPU
		{17B723C9-75C7-4A08-922E-18A6D439F000}.Debug|Any CPU.Build.0 = Debug|Any CPU
		{17B723C9-75C7-4A08-922E-18A6D439F000}.Release|Any CPU.ActiveCfg = Release|Any CPU
		{17B723C9-75C7-4A08-922E-18A6D439F000}.Release|Any CPU.Build.0 = Release|Any CPU
	EndGlobalSection
	GlobalSection(SolutionProperties) = preSolution
		HideSolutionNode = FALSE
	EndGlobalSection
	GlobalSection(ExtensibilityGlobals) = postSolution
		SolutionGuid = {1C005874-A93B-44FA-92D7-207BEF473AB2}
	EndGlobalSection
EndGlobal
